
Microsoft Visual Studio Solution File, Format Version 12.00
# Visual Studio Version 17
VisualStudioVersion = 17.4.33403.182
MinimumVisualStudioVersion = 10.0.40219.1
Project("{FAE04EC0-301F-11D3-BF4B-00C04F79EFBC}") = "Sample1", "Sample1\Sample1.csproj", "{F0F1C9E7-1B33-4BD6-9FD6-D57964C365CA}"
EndProject
Global
	GlobalSection(SolutionConfigurationPlatforms) = preSolution
		Debug|Any CPU = Debug|Any CPU
		Release|Any CPU = Release|Any CPU
	EndGlobalSection
	GlobalSection(ProjectConfigurationPlatforms) = postSolution
		{F0F1C9E7-1B33-4BD6-9FD6-D57964C365CA}.Debug|Any CPU.ActiveCfg = Debug|Any CPU
		{F0F1C9E7-1B33-4BD6-9FD6-D57964C365CA}.Debug|Any CPU.Build.0 = Debug|Any CPU
		{F0F1C9E7-1B33-4BD6-9FD6-D57964C365CA}.Release|Any CPU.ActiveCfg = Release|Any CPU
		{F0F1C9E7-1B33-4BD6-9FD6-D57964C365CA}.Release|Any CPU.Build.0 = Release|Any CPU
	EndGlobalSection
	GlobalSection(SolutionProperties) = preSolution
		HideSolutionNode = FALSE
	EndGlobalSection
	GlobalSection(ExtensibilityGlobals) = postSolution
		SolutionGuid = {C96FC1E2-7473-466F-B68C-5B95B254953D}
	EndGlobalSection
EndGlobal
